# THIS IS AN AUTOGENERATED FILE. DO NOT EDIT THIS FILE DIRECTLY.
# yarn lockfile v1


"@types/ramda@^0.27.32":
  version "0.27.32"
  resolved "https://registry.yarnpkg.com/@types/ramda/-/ramda-0.27.32.tgz#4f62ff4fc3a41dc32dd9df3cde53861b6ee69e6f"
  integrity sha512-vdwZcWC+hlTxB//LZQLS1+VEdArImGI4yVKUpeqB8b9mBXgDFXCuQoOt8spQbi8fTyNLOdqRv6liSm2ckxWLog==
  dependencies:
    ts-toolbelt "^6.15.1"

prettier@^2.2.1:
  version "2.2.1"
  resolved "https://registry.yarnpkg.com/prettier/-/prettier-2.2.1.tgz#795a1a78dd52f073da0cd42b21f9c91381923ff5"
  integrity sha512-PqyhM2yCjg/oKkFPtTGUojv7gnZAoG80ttl45O6x2Ug/rMJw4wcc9k6aaf2hibP7BGVCCM33gZoGjyvt9mm16Q==

ramda@^0.27.1:
  version "0.27.1"
  resolved "https://registry.yarnpkg.com/ramda/-/ramda-0.27.1.tgz#66fc2df3ef873874ffc2da6aa8984658abacf5c9"
  integrity sha512-PgIdVpn5y5Yns8vqb8FzBUEYn98V3xcPgawAkkgj0YJ0qDsnHCiNmZYfOGMgOvoB0eWFLpYbhxUR3mxfDIMvpw==

ts-toolbelt@^6.15.1:
  version "6.15.5"
  resolved "https://registry.yarnpkg.com/ts-toolbelt/-/ts-toolbelt-6.15.5.tgz#cb3b43ed725cb63644782c64fbcad7d8f28c0a83"
  integrity sha512-FZIXf1ksVyLcfr7M317jbB67XFJhOO1YqdTcuGaq9q5jLUoTikukZ+98TPjKiP2jC5CgmYdWWYs0s2nLSU0/1A==

ts-toolbelt@^8.0.7:
  version "8.0.7"
  resolved "https://registry.yarnpkg.com/ts-toolbelt/-/ts-toolbelt-8.0.7.tgz#4dad2928831a811ee17dbdab6eb1919fc0a295bf"
  integrity sha512-KICHyKxc5Nu34kyoODrEe2+zvuQQaubTJz7pnC5RQ19TH/Jged1xv+h8LBrouaSD310m75oAljYs59LNHkLDkQ==

typescript@^4.1.2:
  version "4.1.2"
  resolved "https://registry.yarnpkg.com/typescript/-/typescript-4.1.2.tgz#6369ef22516fe5e10304aae5a5c4862db55380e9"
  integrity sha512-thGloWsGH3SOxv1SoY7QojKi0tc+8FnOmiarEGMbd/lar7QOEd3hvlx3Fp5y6FlDUGl9L+pd4n2e+oToGMmhRQ==
